
Microsoft Visual Studio Solution File, Format Version 12.00
# Visual Studio Version 16
VisualStudioVersion = 16.0.29806.167
MinimumVisualStudioVersion = 10.0.40219.1
Project("{9A19103F-16F7-4668-BE54-9A1E7A4F7556}") = "BPP3DApp", "BPP3D\BPP3DApp.csproj", "{2B8BADE7-B8C6-4448-AA75-73D896AB4044}"
EndProject
Project("{9A19103F-16F7-4668-BE54-9A1E7A4F7556}") = "BPP3DLib", "BPP3DLib\BPP3DLib.csproj", "{C5AAE2E5-D4F1-470F-AA05-8DDDEAD6C2F1}"
EndProject
Global
	GlobalSection(SolutionConfigurationPlatforms) = preSolution
		Debug|Any CPU = Debug|Any CPU
		Release|Any CPU = Release|Any CPU
	EndGlobalSection
	GlobalSection(ProjectConfigurationPlatforms) = postSolution
		{2B8BADE7-B8C6-4448-AA75-73D896AB4044}.Debug|Any CPU.ActiveCfg = Debug|Any CPU
		{2B8BADE7-B8C6-4448-AA75-73D896AB4044}.Debug|Any CPU.Build.0 = Debug|Any CPU
		{2B8BADE7-B8C6-4448-AA75-73D896AB4044}.Release|Any CPU.ActiveCfg = Release|Any CPU
		{2B8BADE7-B8C6-4448-AA75-73D896AB4044}.Release|Any CPU.Build.0 = Release|Any CPU
		{C5AAE2E5-D4F1-470F-AA05-8DDDEAD6C2F1}.Debug|Any CPU.ActiveCfg = Debug|Any CPU
		{C5AAE2E5-D4F1-470F-AA05-8DDDEAD6C2F1}.Debug|Any CPU.Build.0 = Debug|Any CPU
		{C5AAE2E5-D4F1-470F-AA05-8DDDEAD6C2F1}.Release|Any CPU.ActiveCfg = Release|Any CPU
		{C5AAE2E5-D4F1-470F-AA05-8DDDEAD6C2F1}.Release|Any CPU.Build.0 = Release|Any CPU
	EndGlobalSection
	GlobalSection(SolutionProperties) = preSolution
		HideSolutionNode = FALSE
	EndGlobalSection
	GlobalSection(ExtensibilityGlobals) = postSolution
		SolutionGuid = {CFE07C93-A80F-40F1-A569-797EAE2B72DE}
	EndGlobalSection
EndGlobal
